
Microsoft Visual Studio Solution File, Format Version 12.00
# Visual Studio Version 16
VisualStudioVersion = 16.0.29201.188
MinimumVisualStudioVersion = 10.0.40219.1
Project("{FAE04EC0-301F-11D3-BF4B-00C04F79EFBC}") = "Lab06CustomerAccount", "Lab06CustomerAccount.csproj", "{98922A05-3F4E-412C-88C6-713317093B88}"
EndProject
Global
	GlobalSection(SolutionConfigurationPlatforms) = preSolution
		Debug|Any CPU = Debug|Any CPU
		Release|Any CPU = Release|Any CPU
	EndGlobalSection
	GlobalSection(ProjectConfigurationPlatforms) = postSolution
		{98922A05-3F4E-412C-88C6-713317093B88}.Debug|Any CPU.ActiveCfg = Debug|Any CPU
		{98922A05-3F4E-412C-88C6-713317093B88}.Debug|Any CPU.Build.0 = Debug|Any CPU
		{98922A05-3F4E-412C-88C6-713317093B88}.Release|Any CPU.ActiveCfg = Release|Any CPU
		{98922A05-3F4E-412C-88C6-713317093B88}.Release|Any CPU.Build.0 = Release|Any CPU
	EndGlobalSection
	GlobalSection(SolutionProperties) = preSolution
		HideSolutionNode = FALSE
	EndGlobalSection
	GlobalSection(ExtensibilityGlobals) = postSolution
		SolutionGuid = {92CC6B3E-7B7D-406E-8BCD-C70CD45F72F5}
	EndGlobalSection
EndGlobal
